Microsoft Visual Studio Solution File, Format Version 12.00
# Visual Studio Version 17
VisualStudioVersion = 17.5.2.0
MinimumVisualStudioVersion = 10.0.40219.1
Project("{FAE04EC0-301F-11D3-BF4B-00C04F79EFBC}") = "HAOS-API", "HAOS-API.csproj", "{FDA8A85D-3B92-FF06-4325-4FFF7D7A20DE}"
EndProject
Global
	GlobalSection(SolutionConfigurationPlatforms) = preSolution
		Debug|Any CPU = Debug|Any CPU
		Release|Any CPU = Release|Any CPU
	EndGlobalSection
	GlobalSection(ProjectConfigurationPlatforms) = postSolution
		{FDA8A85D-3B92-FF06-4325-4FFF7D7A20DE}.Debug|Any CPU.ActiveCfg = Debug|Any CPU
		{FDA8A85D-3B92-FF06-4325-4FFF7D7A20DE}.Debug|Any CPU.Build.0 = Debug|Any CPU
		{FDA8A85D-3B92-FF06-4325-4FFF7D7A20DE}.Release|Any CPU.ActiveCfg = Release|Any CPU
		{FDA8A85D-3B92-FF06-4325-4FFF7D7A20DE}.Release|Any CPU.Build.0 = Release|Any CPU
	EndGlobalSection
	GlobalSection(SolutionProperties) = preSolution
		HideSolutionNode = FALSE
	EndGlobalSection
	GlobalSection(ExtensibilityGlobals) = postSolution
		SolutionGuid = {9E99EAE2-90B0-4B1F-A554-A747D3CE6445}
	EndGlobalSection
EndGlobal
